
Microsoft Visual Studio Solution File, Format Version 12.00
# Visual Studio Version 17
VisualStudioVersion = 17.2.32526.322
MinimumVisualStudioVersion = 10.0.40219.1
Project("{9A19103F-16F7-4668-BE54-9A1E7A4F7556}") = "MyLeasing.Common", "MyLeasing.Common\MyLeasing.Common.csproj", "{4815C446-4293-48A5-BA28-CAB9F9986078}"
EndProject
Project("{9A19103F-16F7-4668-BE54-9A1E7A4F7556}") = "MyLeasing.Web", "MyLeasing.Web\MyLeasing.Web.csproj", "{91B1C9A7-1BA1-46B9-B128-382CA8DA0AC1}"
EndProject
Global
	GlobalSection(SolutionConfigurationPlatforms) = preSolution
		Debug|Any CPU = Debug|Any CPU
		Release|Any CPU = Release|Any CPU
	EndGlobalSection
	GlobalSection(ProjectConfigurationPlatforms) = postSolution
		{4815C446-4293-48A5-BA28-CAB9F9986078}.Debug|Any CPU.ActiveCfg = Debug|Any CPU
		{4815C446-4293-48A5-BA28-CAB9F9986078}.Debug|Any CPU.Build.0 = Debug|Any CPU
		{4815C446-4293-48A5-BA28-CAB9F9986078}.Release|Any CPU.ActiveCfg = Release|Any CPU
		{4815C446-4293-48A5-BA28-CAB9F9986078}.Release|Any CPU.Build.0 = Release|Any CPU
		{91B1C9A7-1BA1-46B9-B128-382CA8DA0AC1}.Debug|Any CPU.ActiveCfg = Debug|Any CPU
		{91B1C9A7-1BA1-46B9-B128-382CA8DA0AC1}.Debug|Any CPU.Build.0 = Debug|Any CPU
		{91B1C9A7-1BA1-46B9-B128-382CA8DA0AC1}.Release|Any CPU.ActiveCfg = Release|Any CPU
		{91B1C9A7-1BA1-46B9-B128-382CA8DA0AC1}.Release|Any CPU.Build.0 = Release|Any CPU
	EndGlobalSection
	GlobalSection(SolutionProperties) = preSolution
		HideSolutionNode = FALSE
	EndGlobalSection
	GlobalSection(ExtensibilityGlobals) = postSolution
		SolutionGuid = {5CC5CB43-E55F-4DF9-A5DF-6A03969B2E21}
	EndGlobalSection
EndGlobal
